
Microsoft Visual Studio Solution File, Format Version 12.00
# Visual Studio Version 17
VisualStudioVersion = 17.7.34221.43
MinimumVisualStudioVersion = 10.0.40219.1
Project("{FAE04EC0-301F-11D3-BF4B-00C04F79EFBC}") = "EMSDesktop", "EMSDesktop.csproj", "{89FE3AF6-5706-46EF-830B-56F7ACB51D66}"
EndProject
Global
	GlobalSection(SolutionConfigurationPlatforms) = preSolution
		Debug|Any CPU = Debug|Any CPU
		Release|Any CPU = Release|Any CPU
	EndGlobalSection
	GlobalSection(ProjectConfigurationPlatforms) = postSolution
		{89FE3AF6-5706-46EF-830B-56F7ACB51D66}.Debug|Any CPU.ActiveCfg = Debug|Any CPU
		{89FE3AF6-5706-46EF-830B-56F7ACB51D66}.Debug|Any CPU.Build.0 = Debug|Any CPU
		{89FE3AF6-5706-46EF-830B-56F7ACB51D66}.Release|Any CPU.ActiveCfg = Release|Any CPU
		{89FE3AF6-5706-46EF-830B-56F7ACB51D66}.Release|Any CPU.Build.0 = Release|Any CPU
	EndGlobalSection
	GlobalSection(SolutionProperties) = preSolution
		HideSolutionNode = FALSE
	EndGlobalSection
	GlobalSection(ExtensibilityGlobals) = postSolution
		SolutionGuid = {536505FD-082E-469B-80FB-91BBECC6E272}
	EndGlobalSection
EndGlobal
